
Microsoft Visual Studio Solution File, Format Version 12.00
# Visual Studio 15
VisualStudioVersion = 15.0.27428.2005
MinimumVisualStudioVersion = 10.0.40219.1
Project("{9A19103F-16F7-4668-BE54-9A1E7A4F7556}") = "Chess", "Chess.Domain\Chess.csproj", "{134D0785-5759-40D6-ADB2-8B8C047FEC36}"
EndProject
Project("{FAE04EC0-301F-11D3-BF4B-00C04F79EFBC}") = "Chess.Tests", "Chess.Tests\Chess.Tests.csproj", "{C69BC3CA-07A8-45C4-909A-E492916D136D}"
EndProject
Global
	GlobalSection(SolutionConfigurationPlatforms) = preSolution
		Debug|Any CPU = Debug|Any CPU
		Release|Any CPU = Release|Any CPU
	EndGlobalSection
	GlobalSection(ProjectConfigurationPlatforms) = postSolution
		{134D0785-5759-40D6-ADB2-8B8C047FEC36}.Debug|Any CPU.ActiveCfg = Debug|Any CPU
		{134D0785-5759-40D6-ADB2-8B8C047FEC36}.Debug|Any CPU.Build.0 = Debug|Any CPU
		{134D0785-5759-40D6-ADB2-8B8C047FEC36}.Release|Any CPU.ActiveCfg = Release|Any CPU
		{134D0785-5759-40D6-ADB2-8B8C047FEC36}.Release|Any CPU.Build.0 = Release|Any CPU
		{C69BC3CA-07A8-45C4-909A-E492916D136D}.Debug|Any CPU.ActiveCfg = Debug|Any CPU
		{C69BC3CA-07A8-45C4-909A-E492916D136D}.Debug|Any CPU.Build.0 = Debug|Any CPU
		{C69BC3CA-07A8-45C4-909A-E492916D136D}.Release|Any CPU.ActiveCfg = Release|Any CPU
		{C69BC3CA-07A8-45C4-909A-E492916D136D}.Release|Any CPU.Build.0 = Release|Any CPU
	EndGlobalSection
	GlobalSection(SolutionProperties) = preSolution
		HideSolutionNode = FALSE
	EndGlobalSection
	GlobalSection(ExtensibilityGlobals) = postSolution
		SolutionGuid = {086EDDE1-9B6D-4079-9B2D-8597CFA8D098}
	EndGlobalSection
EndGlobal
